
Microsoft Visual Studio Solution File, Format Version 12.00
# Visual Studio 15
VisualStudioVersion = 15.0.28307.2017
MinimumVisualStudioVersion = 10.0.40219.1
Project("{FAE04EC0-301F-11D3-BF4B-00C04F79EFBC}") = "StandardMetalErp", "NavnathWebsite\StandardMetalErp.csproj", "{961660D1-5E5B-4200-979B-A19038E45893}"
EndProject
Project("{FAE04EC0-301F-11D3-BF4B-00C04F79EFBC}") = "BAL", "BAL\BAL.csproj", "{1E1FB34F-895B-4176-9AE6-6E704D9E9EE9}"
EndProject
Project("{FAE04EC0-301F-11D3-BF4B-00C04F79EFBC}") = "DAL", "DAL\DAL.csproj", "{FE3AFA1E-E2B0-42ED-B13F-A6E69B83E353}"
EndProject
Project("{FAE04EC0-301F-11D3-BF4B-00C04F79EFBC}") = "Modal", "Modal\Modal.csproj", "{5475F17F-64EF-4D69-94A7-16726578B1F2}"
EndProject
Project("{FAE04EC0-301F-11D3-BF4B-00C04F79EFBC}") = "CommonUtilities", "CommonUtilities\CommonUtilities.csproj", "{FA85B144-6C72-408C-BDFE-2A06CC858727}"
EndProject
Global
	GlobalSection(SolutionConfigurationPlatforms) = preSolution
		Debug|Any CPU = Debug|Any CPU
		Release|Any CPU = Release|Any CPU
	EndGlobalSection
	GlobalSection(ProjectConfigurationPlatforms) = postSolution
		{961660D1-5E5B-4200-979B-A19038E45893}.Debug|Any CPU.ActiveCfg = Debug|Any CPU
		{961660D1-5E5B-4200-979B-A19038E45893}.Debug|Any CPU.Build.0 = Debug|Any CPU
		{961660D1-5E5B-4200-979B-A19038E45893}.Release|Any CPU.ActiveCfg = Release|Any CPU
		{961660D1-5E5B-4200-979B-A19038E45893}.Release|Any CPU.Build.0 = Release|Any CPU
		{1E1FB34F-895B-4176-9AE6-6E704D9E9EE9}.Debug|Any CPU.ActiveCfg = Debug|Any CPU
		{1E1FB34F-895B-4176-9AE6-6E704D9E9EE9}.Debug|Any CPU.Build.0 = Debug|Any CPU
		{1E1FB34F-895B-4176-9AE6-6E704D9E9EE9}.Release|Any CPU.ActiveCfg = Release|Any CPU
		{1E1FB34F-895B-4176-9AE6-6E704D9E9EE9}.Release|Any CPU.Build.0 = Release|Any CPU
		{FE3AFA1E-E2B0-42ED-B13F-A6E69B83E353}.Debug|Any CPU.ActiveCfg = Debug|Any CPU
		{FE3AFA1E-E2B0-42ED-B13F-A6E69B83E353}.Debug|Any CPU.Build.0 = Debug|Any CPU
		{FE3AFA1E-E2B0-42ED-B13F-A6E69B83E353}.Release|Any CPU.ActiveCfg = Release|Any CPU
		{FE3AFA1E-E2B0-42ED-B13F-A6E69B83E353}.Release|Any CPU.Build.0 = Release|Any CPU
		{5475F17F-64EF-4D69-94A7-16726578B1F2}.Debug|Any CPU.ActiveCfg = Debug|Any CPU
		{5475F17F-64EF-4D69-94A7-16726578B1F2}.Debug|Any CPU.Build.0 = Debug|Any CPU
		{5475F17F-64EF-4D69-94A7-16726578B1F2}.Release|Any CPU.ActiveCfg = Release|Any CPU
		{5475F17F-64EF-4D69-94A7-16726578B1F2}.Release|Any CPU.Build.0 = Release|Any CPU
		{FA85B144-6C72-408C-BDFE-2A06CC858727}.Debug|Any CPU.ActiveCfg = Debug|Any CPU
		{FA85B144-6C72-408C-BDFE-2A06CC858727}.Debug|Any CPU.Build.0 = Debug|Any CPU
		{FA85B144-6C72-408C-BDFE-2A06CC858727}.Release|Any CPU.ActiveCfg = Release|Any CPU
		{FA85B144-6C72-408C-BDFE-2A06CC858727}.Release|Any CPU.Build.0 = Release|Any CPU
	EndGlobalSection
	GlobalSection(SolutionProperties) = preSolution
		HideSolutionNode = FALSE
	EndGlobalSection
	GlobalSection(ExtensibilityGlobals) = postSolution
		SolutionGuid = {FE1A5C15-8399-49EF-A632-941FE4C2001C}
	EndGlobalSection
EndGlobal
